# This file is autogenerated, do not edit; changes may be undone by the next 'dep ensure'.


[[projects]]
  digest = "1:9f3b30d9f8e0d7040f729b82dcbc8f0dead820a133b3147ce355fc451f32d761"
  name = "github.com/BurntSushi/toml"
  packages = ["."]
  pruneopts = "UT"
  revision = "3012a1dbe2e4bd1391d42b32f0577cb7bbc7f005"
  version = "v0.3.1"

[[projects]]
  branch = "master"
  digest = "1:1a200e7e73293b75eb8e5c93d023b5472663432da0b663e1532624fcfede9ca8"
  name = "github.com/anmitsu/go-shlex"
  packages = ["."]
  pruneopts = "UT"
  revision = "648efa622239a2f6ff949fed78ee37b48d499ba4"

[[projects]]
  digest = "1:1383ba5d501d282dba709a17fa3bb3512f91abac8b6f631511129ba05f7c89f2"
  name = "github.com/apache/thrift"
  packages = ["lib/go/thrift"]
  pruneopts = "UT"
  revision = "9549b25c77587b29be4e0b5c258221a4ed85d37a"

[[projects]]
  digest = "1:d6afaeed1502aa28e80a4ed0981d570ad91b2579193404256ce672ed0a609e0d"
  name = "github.com/beorn7/perks"
  packages = ["quantile"]
  pruneopts = "UT"
  revision = "37c8de3658fcb183f997c4e13e8337516ab753e6"
  version = "v1.0.1"

[[projects]]
  digest = "1:ffe9824d294da03b391f44e1ae8281281b4afc1bdaa9588c9097785e3af10cec"
  name = "github.com/davecgh/go-spew"
  packages = ["spew"]
  pruneopts = "UT"
  revision = "8991bc29aa16c548c550c7ff78260e27b9ab7c73"
  version = "v1.1.1"

[[projects]]
  branch = "master"
  digest = "1:5fe3f6ede1c208a2efd3b78fe4df0306aa9624edd39476143d14f0326e5a8d29"
  name = "github.com/facebookgo/clock"
  packages = ["."]
  pruneopts = "UT"
  revision = "600d898af40aa09a7a93ecb9265d87b0504b6f03"

[[projects]]
  digest = "1:457ca859f7b0c056b4389677fe3e6e57136ecd04a964c9cae42afd55da878b29"
  name = "github.com/fatih/structtag"
  packages = ["."]
  pruneopts = "UT"
  revision = "72c94723f1e6825195e0d8e9857fca28cd23d835"
  version = "v1.2.0"

[[projects]]
  digest = "1:aafacff57cede1899bde993f7eebf2facb5e54cc0e1456e1e3709e43d1f0a4ad"
  name = "github.com/gogo/protobuf"
  packages = [
    "gogoproto",
    "plugin/compare",
    "plugin/defaultcheck",
    "plugin/description",
    "plugin/embedcheck",
    "plugin/enumstringer",
    "plugin/equal",
    "plugin/face",
    "plugin/gostring",
    "plugin/marshalto",
    "plugin/oneofcheck",
    "plugin/populate",
    "plugin/size",
    "plugin/stringer",
    "plugin/testgen",
    "plugin/union",
    "plugin/unmarshal",
    "proto",
    "protoc-gen-gogo/descriptor",
    "protoc-gen-gogo/generator",
    "protoc-gen-gogo/generator/internal/remap",
    "protoc-gen-gogo/grpc",
    "protoc-gen-gogo/plugin",
    "protoc-gen-gogoslick",
    "vanity",
    "vanity/command",
  ]
  pruneopts = "UT"
  revision = "5628607bb4c51c3157aacc3a50f0ab707582b805"
  version = "v1.3.1"

[[projects]]
  digest = "1:5e14df5b9539151b485eeb3ebea90a2823347516732978b0911ff17acea2842c"
  name = "github.com/golang/mock"
  packages = [
    "gomock",
    "mockgen",
    "mockgen/model",
  ]
  pruneopts = "UT"
  revision = "9fa652df1129bef0e734c9cf9bf6dbae9ef3b9fa"
  version = "1.3.1"

[[projects]]
  digest = "1:573ca21d3669500ff845bdebee890eb7fc7f0f50c59f2132f2a0c6b03d85086a"
  name = "github.com/golang/protobuf"
  packages = ["proto"]
  pruneopts = "UT"
  revision = "6c65a5562fc06764971b7c5d05c76c75e84bdbf7"
  version = "v1.3.2"

[[projects]]
  digest = "1:582b704bebaa06b48c29b0cec224a6058a09c86883aaddabde889cd1a5f73e1b"
  name = "github.com/google/uuid"
  packages = ["."]
  pruneopts = "UT"
  revision = "0cd6bf5da1e1c83f8b45653022c74f71af0538a4"
  version = "v1.1.1"

[[projects]]
  digest = "1:a2cff208d4759f6ba1b1cd228587b0a1869f95f22542ec9cd17fff64430113c7"
  name = "github.com/jessevdk/go-flags"
  packages = ["."]
  pruneopts = "UT"
  revision = "c6ca198ec95c841fdb89fc0de7496fed11ab854e"
  version = "v1.4.0"

[[projects]]
  digest = "1:b472339040c571f1085e429ad08d94218bc3fc7a635c99fd95e3f80382413317"
  name = "github.com/kisielk/errcheck"
  packages = [
    ".",
    "internal/errcheck",
  ]
  pruneopts = "UT"
  revision = "e14f8d59a22d460d56c5ee92507cd94c78fbf274"
  version = "v1.2.0"

[[projects]]
  digest = "1:ff5ebae34cfbf047d505ee150de27e60570e8c394b3b8fdbb720ff6ac71985fc"
  name = "github.com/matttproud/golang_protobuf_extensions"
  packages = ["pbutil"]
  pruneopts = "UT"
  revision = "c12348ce28de40eed0136aa2b644d0ee0650e56c"
  version = "v1.0.1"

[[projects]]
  digest = "1:11e62d6050198055e6cd87ed57e5d8c669e84f839c16e16f192374d913d1a70d"
  name = "github.com/opentracing/opentracing-go"
  packages = [
    ".",
    "ext",
    "log",
  ]
  pruneopts = "UT"
  revision = "659c90643e714681897ec2521c60567dd21da733"
  version = "v1.1.0"

[[projects]]
  digest = "1:e5d0bd87abc2781d14e274807a470acd180f0499f8bf5bb18606e9ec22ad9de9"
  name = "github.com/pborman/uuid"
  packages = ["."]
  pruneopts = "UT"
  revision = "adf5a7427709b9deb95d29d3fa8a2bf9cfd388f1"
  version = "v1.2"

[[projects]]
  digest = "1:0028cb19b2e4c3112225cd871870f2d9cf49b9b4276531f03438a88e94be86fe"
  name = "github.com/pmezard/go-difflib"
  packages = ["difflib"]
  pruneopts = "UT"
  revision = "792786c7400a136282c1664665ae0a8db921c6c2"
  version = "v1.0.0"

[[projects]]
  digest = "1:eb04f69c8991e52eff33c428bd729e04208bf03235be88e4df0d88497c6861b9"
  name = "github.com/prometheus/client_golang"
  packages = [
    "prometheus",
    "prometheus/internal",
    "prometheus/promhttp",
  ]
  pruneopts = "UT"
  revision = "170205fb58decfd011f1550d4cfb737230d7ae4f"
  version = "v1.1.0"

[[projects]]
  branch = "master"
  digest = "1:982be0b5396e16a663697899ce69cc7b1e71ddcae4153af157578d4dc9bc3f88"
  name = "github.com/prometheus/client_model"
  packages = ["go"]
  pruneopts = "UT"
  revision = "d1d2010b5beead3fa1c5f271a5cf626e40b3ad6e"

[[projects]]
  digest = "1:f119e3205d3a1f0f19dbd7038eb37528e2c6f0933269dc344e305951fb87d632"
  name = "github.com/prometheus/common"
  packages = [
    "expfmt",
    "internal/bitbucket.org/ww/goautoneg",
    "model",
  ]
  pruneopts = "UT"
  revision = "287d3e634a1e550c9e463dd7e5a75a422c614505"
  version = "v0.7.0"

[[projects]]
  digest = "1:ec0ff4bd619a67065e34d6477711ed0117e335f99059a4c508e0fe21cfe7b304"
  name = "github.com/prometheus/procfs"
  packages = [
    ".",
    "internal/fs",
    "internal/util",
  ]
  pruneopts = "UT"
  revision = "6d489fc7f1d9cd890a250f3ea3431b1744b9623f"
  version = "v0.0.8"

[[projects]]
  digest = "1:b778880d47d8544b11cd82b0d9731f9669d653489b400d0b5899b8a20934e7b4"
  name = "github.com/robfig/cron"
  packages = ["."]
  pruneopts = "UT"
  revision = "45fbe1491cdd47d74d1bf1396286d67faee8b8b5"
  version = "v3.0.0"

[[projects]]
  branch = "master"
  digest = "1:03d938ce55b7f7754700749135669a1cfe65acca866d1cdb7dc3e7ff166e3e28"
  name = "github.com/samuel/go-thrift"
  packages = ["parser"]
  pruneopts = "UT"
  revision = "5165175b40afa0d250de9a330d47c1ea2051589f"

[[projects]]
  digest = "1:ac83cf90d08b63ad5f7e020ef480d319ae890c208f8524622a2f3136e2686b02"
  name = "github.com/stretchr/objx"
  packages = ["."]
  pruneopts = "UT"
  revision = "477a77ecc69700c7cdeb1fa9e129548e1c1c393c"
  version = "v0.1.1"

[[projects]]
  digest = "1:ad527ce5c6b2426790449db7663fe53f8bb647f9387295406794c8be001238da"
  name = "github.com/stretchr/testify"
  packages = [
    "assert",
    "mock",
  ]
  pruneopts = "UT"
  revision = "221dbe5ed46703ee255b1da0dec05086f5035f62"
  version = "v1.4.0"

[[projects]]
  branch = "master"
  digest = "1:4f9d1d92d5020c9d89e886ae26dc23d7b45ceb5a1953902ee50bc500a402b6b7"
  name = "github.com/uber-common/cadence-samples"
  packages = ["cmd/samples/common"]
  pruneopts = "UT"
  revision = "01bbcade45b9bc30cb3ca6ee128bad41ef5b7b9c"

[[projects]]
  digest = "1:f13b1cdb92e193b30d211ee8397d640711932344ecdb5c8daf21b1ceaafe540f"
  name = "github.com/uber-go/mapdecode"
  packages = [
    ".",
    "internal/mapstructure",
  ]
  pruneopts = "UT"
  revision = "718b4994083e432669f44a00174c5f1bcdb1434d"
  version = "v1.0.0"

[[projects]]
  digest = "1:1812a162d55ea88f9a334d1431b9fbe91ca509522f5717919f2ea97764152998"
  name = "github.com/uber-go/tally"
  packages = ["."]
  pruneopts = "UT"
  revision = "4292fb62574242de9fb0be278fc17d45defa5d33"
  version = "v3.3.13"

[[projects]]
  digest = "1:66cec83f304a11e88486bb04969f46ed59e1de2926eb15b43a36e961c6929932"
  name = "github.com/uber/tchannel-go"
  packages = [
    ".",
    "internal/argreader",
    "relay",
    "thrift/arg2",
    "thrift/thrift-gen",
    "tnet",
    "tos",
    "trand",
    "typed",
  ]
  pruneopts = "UT"
  revision = "e6bc214d794a9d6062045dd672de210cf211994d"
  version = "v1.16.0"

[[projects]]
  digest = "1:c708d00d1097e62bf4f3a72f239efa7dafc257581421b0b7d3789e1ff5299f30"
  name = "go.uber.org/atomic"
  packages = ["."]
  pruneopts = "UT"
  revision = "40ae6a40a970ef4cdbffa7b24b280e316db8accc"
  version = "v1.5.1"

[[projects]]
  digest = "1:1f125c9184259e2d56c030a4fff712f3bd4bbfac95cf6eabd007972ed8a0a79e"
  name = "go.uber.org/cadence"
  packages = [
    ".gen/go/cadence",
    ".gen/go/cadence/workflowserviceclient",
    ".gen/go/cadence/workflowservicetest",
    ".gen/go/shared",
    "activity",
    "client",
    "encoded",
    "internal",
    "internal/common",
    "internal/common/backoff",
    "internal/common/cache",
    "internal/common/metrics",
    "internal/common/util",
    "worker",
    "workflow",
  ]
  pruneopts = "UT"
  revision = "9bbb0d3cfe5da477b535dd45aee3e72b6975c5a8"
  version = "v0.10.1"

[[projects]]
  digest = "1:e6d88834deb4e35eb998c74f4d042db6ccecaaf62c0f6d57905852800994af00"
  name = "go.uber.org/multierr"
  packages = ["."]
  pruneopts = "UT"
  revision = "824d08f79702fe5f54aca8400aa0d754318786e7"
  version = "v1.4.0"

[[projects]]
  digest = "1:56dd8ab570c3854948da18831ac7d42079c5fe18e8a4fdfdf649f53ff97e605c"
  name = "go.uber.org/net/metrics"
  packages = [
    ".",
    "bucket",
    "push",
    "tallypush",
  ]
  pruneopts = "UT"
  revision = "05a053b545cba614bf12635803f4749dab7bd0d0"
  version = "v1.2.0"

[[projects]]
  digest = "1:7d644439a3b67e0f1cec1d51a53da13ae6a654cec950be9ecad06cd8fd80bc3a"
  name = "go.uber.org/thriftrw"
  packages = [
    ".",
    "ast",
    "compile",
    "envelope",
    "gen",
    "idl",
    "idl/internal",
    "internal/concurrent",
    "internal/curry",
    "internal/envelope",
    "internal/envelope/exception",
    "internal/frame",
    "internal/goast",
    "internal/multiplex",
    "internal/plugin",
    "internal/plugin/builtin/pluginapigen",
    "internal/process",
    "internal/semver",
    "plugin",
    "plugin/api",
    "protocol",
    "protocol/binary",
    "ptr",
    "thriftreflect",
    "version",
    "wire",
  ]
  pruneopts = "UT"
  revision = "3934cedb5d52491fd98e0203eb2a61b00b7da282"
  version = "v1.20.2"

[[projects]]
  branch = "master"
  digest = "1:3032e90a153750ea149f68bf081f97ca738f041fba45c41c80737f572ffdf2f4"
  name = "go.uber.org/tools"
  packages = ["update-license"]
  pruneopts = "UT"
  revision = "2cfd321de3ee5d5f8a5fda2521d1703478334d98"

[[projects]]
  digest = "1:934d9e7bbe8bdc8cafe14df70d0c34118bc6aff00ada5c621c7590bb1cf73eb1"
  name = "go.uber.org/yarpc"
  packages = [
    ".",
    "api/backoff",
    "api/encoding",
    "api/middleware",
    "api/peer",
    "api/transport",
    "encoding/thrift",
    "encoding/thrift/internal",
    "internal",
    "internal/backoff",
    "internal/bufferpool",
    "internal/config",
    "internal/digester",
    "internal/errorsync",
    "internal/humanize",
    "internal/inboundmiddleware",
    "internal/interpolate",
    "internal/introspection",
    "internal/iopool",
    "internal/observability",
    "internal/outboundmiddleware",
    "internal/request",
    "internal/yarpcerrors",
    "peer",
    "peer/abstractpeer",
    "peer/hostport",
    "pkg/encoding",
    "pkg/errors",
    "pkg/lifecycle",
    "pkg/procedure",
    "transport/tchannel",
    "transport/tchannel/internal",
    "yarpcconfig",
    "yarpcerrors",
  ]
  pruneopts = "UT"
  revision = "a471b8ec71047ae92683262313a0b04fa847f27c"
  version = "v1.42.1"

[[projects]]
  digest = "1:260048b6193e304ee294452a9e3410c474e3ce187248c7e2e4a2631207386f74"
  name = "go.uber.org/zap"
  packages = [
    ".",
    "buffer",
    "internal/bufferpool",
    "internal/color",
    "internal/exit",
    "zapcore",
  ]
  pruneopts = "UT"
  revision = "33e58d4d0120aa28d4df84cd244838c490846c9d"
  version = "v1.13.0"

[[projects]]
  branch = "master"
  digest = "1:334b27eac455cb6567ea28cd424230b07b1a64334a2f861a8075ac26ce10af43"
  name = "golang.org/x/lint"
  packages = [
    ".",
    "golint",
  ]
  pruneopts = "UT"
  revision = "fdd1cda4f05fd1fd86124f0ef9ce31a0b72c8448"

[[projects]]
  branch = "master"
  digest = "1:b9b4fe15bed4fce457fc43bd0b9f2356a11a667fc7aad023cb14a29916042d20"
  name = "golang.org/x/net"
  packages = [
    "bpf",
    "context",
    "internal/iana",
    "internal/socket",
    "ipv4",
    "ipv6",
  ]
  pruneopts = "UT"
  revision = "c0dbc17a35534bf2e581d7a942408dc936316da4"

[[projects]]
  branch = "master"
  digest = "1:472d3f5adc36e1c0b9120bc3830d692a090134aa5461335f39caabd0fdb7feac"
  name = "golang.org/x/sys"
  packages = [
    "unix",
    "windows",
  ]
  pruneopts = "UT"
  revision = "ac6580df4449443a05718fd7858c1f91ad5f8d20"

[[projects]]
  branch = "master"
  digest = "1:a2f668c709f9078828e99cb1768cb02e876cb81030545046a32b54b2ac2a9ea8"
  name = "golang.org/x/time"
  packages = ["rate"]
  pruneopts = "UT"
  revision = "555d28b269f0569763d25dbe1a237ae74c6bcc82"

[[projects]]
  branch = "master"
  digest = "1:6bd9092570e0ddc85670cd6b97364c693dbe4ac05a94cfda0f5af4d3508ba52c"
  name = "golang.org/x/tools"
  packages = [
    "cmd/stringer",
    "go/analysis",
    "go/analysis/passes/inspect",
    "go/ast/astutil",
    "go/ast/inspector",
    "go/buildutil",
    "go/gcexportdata",
    "go/internal/gcimporter",
    "go/internal/packagesdriver",
    "go/packages",
    "go/types/objectpath",
    "go/types/typeutil",
    "internal/fastwalk",
    "internal/gopathwalk",
    "internal/semver",
  ]
  pruneopts = "UT"
  revision = "49a3e744a42570834b70bfa2a7308c73f5bc6bc3"

[[projects]]
  digest = "1:b75b3deb2bce8bc079e16bb2aecfe01eb80098f5650f9e93e5643ca8b7b73737"
  name = "gopkg.in/yaml.v2"
  packages = ["."]
  pruneopts = "UT"
  revision = "1f64d6156d11335c3f22d9330b0ad14fc1e789ce"
  version = "v2.2.7"

[[projects]]
  digest = "1:131158a88aad1f94854d0aa21a64af2802d0a470fb0f01cb33c04fafd2047111"
  name = "honnef.co/go/tools"
  packages = [
    "arg",
    "cmd/staticcheck",
    "config",
    "deprecated",
    "facts",
    "functions",
    "go/types/typeutil",
    "internal/cache",
    "internal/passes/buildssa",
    "internal/renameio",
    "internal/sharedcheck",
    "lint",
    "lint/lintdsl",
    "lint/lintutil",
    "lint/lintutil/format",
    "loader",
    "printf",
    "simple",
    "ssa",
    "ssautil",
    "staticcheck",
    "staticcheck/vrp",
    "stylecheck",
    "unused",
    "version",
  ]
  pruneopts = "UT"
  revision = "afd67930eec2a9ed3e9b19f684d17a062285f16a"
  version = "2019.2.3"

[solve-meta]
  analyzer-name = "dep"
  analyzer-version = 1
  input-imports = [
    "github.com/pborman/uuid",
    "github.com/uber-common/cadence-samples/cmd/samples/common",
    "go.uber.org/cadence/.gen/go/cadence/workflowserviceclient",
    "go.uber.org/cadence/activity",
    "go.uber.org/cadence/client",
    "go.uber.org/cadence/worker",
    "go.uber.org/cadence/workflow",
    "go.uber.org/yarpc",
    "go.uber.org/yarpc/transport/tchannel",
    "go.uber.org/zap",
    "go.uber.org/zap/zapcore",
  ]
  solver-name = "gps-cdcl"
  solver-version = 1
